[root]
name = "balisong"
version = "0.0.1"
dependencies = [
 "time 0.1.19 (git+https://github.com/rust-lang/time)",
]

[[package]]
name = "gcc"
version = "0.3.1"
source = "registry+https://github.com/rust-lang/crates.io-index"

[[package]]
name = "libc"
version = "0.1.2"
source = "registry+https://github.com/rust-lang/crates.io-index"

[[package]]
name = "time"
version = "0.1.19"
source = "git+https://github.com/rust-lang/time#cb2f392ac5eea66de3c79a747c0dc455bf32f1f3"
dependencies = [
 "gcc 0.3.1 (registry+https://github.com/rust-lang/crates.io-index)",
 "libc 0.1.2 (registry+https://github.com/rust-lang/crates.io-index)",
]

